
Microsoft Visual Studio Solution File, Format Version 12.00
# Visual Studio Version 16
VisualStudioVersion = 16.0.32126.315
MinimumVisualStudioVersion = 10.0.40219.1
Project("{FAE04EC0-301F-11D3-BF4B-00C04F79EFBC}") = "WEB_API_ASSIGNMENT", "WEB_API_ASSIGNMENT.csproj", "{C3CC7405-FBDD-4B7A-96B9-BEEA0B968668}"
EndProject
Global
	GlobalSection(SolutionConfigurationPlatforms) = preSolution
		Debug|Any CPU = Debug|Any CPU
		Release|Any CPU = Release|Any CPU
	EndGlobalSection
	GlobalSection(ProjectConfigurationPlatforms) = postSolution
		{C3CC7405-FBDD-4B7A-96B9-BEEA0B968668}.Debug|Any CPU.ActiveCfg = Debug|Any CPU
		{C3CC7405-FBDD-4B7A-96B9-BEEA0B968668}.Debug|Any CPU.Build.0 = Debug|Any CPU
		{C3CC7405-FBDD-4B7A-96B9-BEEA0B968668}.Release|Any CPU.ActiveCfg = Release|Any CPU
		{C3CC7405-FBDD-4B7A-96B9-BEEA0B968668}.Release|Any CPU.Build.0 = Release|Any CPU
	EndGlobalSection
	GlobalSection(SolutionProperties) = preSolution
		HideSolutionNode = FALSE
	EndGlobalSection
	GlobalSection(ExtensibilityGlobals) = postSolution
		SolutionGuid = {91C48305-05A2-48B1-9D57-C8C84F0B6C77}
	EndGlobalSection
EndGlobal
